
Microsoft Visual Studio Solution File, Format Version 12.00
# Visual Studio Version 17
VisualStudioVersion = 17.14.36109.1 d17.14
MinimumVisualStudioVersion = 10.0.40219.1
Project("{FAE04EC0-301F-11D3-BF4B-00C04F79EFBC}") = "BasicWebServer.Server", "BasicWebServer.Server\BasicWebServer.Server.csproj", "{71ABC464-10DE-4E32-A303-100592DD45D4}"
EndProject
Project("{FAE04EC0-301F-11D3-BF4B-00C04F79EFBC}") = "BasicWebServer.Demo", "BasicWebServer.Demo\BasicWebServer.Demo.csproj", "{1C0EC3D8-88BD-44B4-A33C-C05CBB05ADFF}"
EndProject
Global
	GlobalSection(SolutionConfigurationPlatforms) = preSolution
		Debug|Any CPU = Debug|Any CPU
		Release|Any CPU = Release|Any CPU
	EndGlobalSection
	GlobalSection(ProjectConfigurationPlatforms) = postSolution
		{71ABC464-10DE-4E32-A303-100592DD45D4}.Debug|Any CPU.ActiveCfg = Debug|Any CPU
		{71ABC464-10DE-4E32-A303-100592DD45D4}.Debug|Any CPU.Build.0 = Debug|Any CPU
		{71ABC464-10DE-4E32-A303-100592DD45D4}.Release|Any CPU.ActiveCfg = Release|Any CPU
		{71ABC464-10DE-4E32-A303-100592DD45D4}.Release|Any CPU.Build.0 = Release|Any CPU
		{1C0EC3D8-88BD-44B4-A33C-C05CBB05ADFF}.Debug|Any CPU.ActiveCfg = Debug|Any CPU
		{1C0EC3D8-88BD-44B4-A33C-C05CBB05ADFF}.Debug|Any CPU.Build.0 = Debug|Any CPU
		{1C0EC3D8-88BD-44B4-A33C-C05CBB05ADFF}.Release|Any CPU.ActiveCfg = Release|Any CPU
		{1C0EC3D8-88BD-44B4-A33C-C05CBB05ADFF}.Release|Any CPU.Build.0 = Release|Any CPU
	EndGlobalSection
	GlobalSection(SolutionProperties) = preSolution
		HideSolutionNode = FALSE
	EndGlobalSection
	GlobalSection(ExtensibilityGlobals) = postSolution
		SolutionGuid = {A88D5B4D-7F83-4BF1-B6B5-24CB51E8DFB1}
	EndGlobalSection
EndGlobal
